
Microsoft Visual Studio Solution File, Format Version 12.00
# Visual Studio Version 17
VisualStudioVersion = 17.10.35122.118
MinimumVisualStudioVersion = 10.0.40219.1
Project("{888888A0-9F3D-457C-B088-3A5042F75D52}") = "AWAD - Coursework - Hannah Smith", "AWAD - Coursework - Hannah Smith.pyproj", "{7AEC4608-EE8F-40EC-9078-94F487CDA060}"
EndProject
Global
	GlobalSection(SolutionConfigurationPlatforms) = preSolution
		Debug|Any CPU = Debug|Any CPU
		Release|Any CPU = Release|Any CPU
	EndGlobalSection
	GlobalSection(ProjectConfigurationPlatforms) = postSolution
		{7AEC4608-EE8F-40EC-9078-94F487CDA060}.Debug|Any CPU.ActiveCfg = Debug|Any CPU
		{7AEC4608-EE8F-40EC-9078-94F487CDA060}.Debug|Any CPU.Build.0 = Debug|Any CPU
		{7AEC4608-EE8F-40EC-9078-94F487CDA060}.Release|Any CPU.ActiveCfg = Release|Any CPU
		{7AEC4608-EE8F-40EC-9078-94F487CDA060}.Release|Any CPU.Build.0 = Release|Any CPU
	EndGlobalSection
	GlobalSection(SolutionProperties) = preSolution
		HideSolutionNode = FALSE
	EndGlobalSection
	GlobalSection(ExtensibilityGlobals) = postSolution
		SolutionGuid = {3873CBFE-154D-4A9B-A03E-46D625FD458C}
	EndGlobalSection
EndGlobal
